// !$*UTF8*$!
{
	archiveVersion = 1;
	classes = {
	};
	objectVersion = 56;
	objects = {

/* Begin PBXBuildFile section */
		E30E6DA92ACEBAD800CCFC5A /* AppDelegate.swift in Sources */ = {isa = PBXBuildFile; fileRef = E30E6DA82ACEBAD800CCFC5A /* AppDelegate.swift */; };
		E30E6DAB2ACEBAD800CCFC5A /* SceneDelegate.swift in Sources */ = {isa = PBXBuildFile; fileRef = E30E6DAA2ACEBAD800CCFC5A /* SceneDelegate.swift */; };
		E30E6DAD2ACEBAD800CCFC5A /* MainViewController.swift in Sources */ = {isa = PBXBuildFile; fileRef = E30E6DAC2ACEBAD800CCFC5A /* MainViewController.swift */; };
		E30E6DB22ACEBADB00CCFC5A /* Assets.xcassets in Resources */ = {isa = PBXBuildFile; fileRef = E30E6DB12ACEBADB00CCFC5A /* Assets.xcassets */; };
		E30E6DB52ACEBADB00CCFC5A /* LaunchScreen.storyboard in Resources */ = {isa = PBXBuildFile; fileRef = E30E6DB32ACEBADB00CCFC5A /* LaunchScreen.storyboard */; };
		E30E6DC02ACEBADB00CCFC5A /* TestAppInfoTechTests.swift in Sources */ = {isa = PBXBuildFile; fileRef = E30E6DBF2ACEBADB00CCFC5A /* TestAppInfoTechTests.swift */; };
		E30E6DCA2ACEBADB00CCFC5A /* TestAppInfoTechUITests.swift in Sources */ = {isa = PBXBuildFile; fileRef = E30E6DC92ACEBADB00CCFC5A /* TestAppInfoTechUITests.swift */; };
		E30E6DCC2ACEBADB00CCFC5A /* TestAppInfoTechUITestsLaunchTests.swift in Sources */ = {isa = PBXBuildFile; fileRef = E30E6DCB2ACEBADB00CCFC5A /* TestAppInfoTechUITestsLaunchTests.swift */; };
		E30E6DDC2AD8A66A00CCFC5A /* TAMainVCViewModel.swift in Sources */ = {isa = PBXBuildFile; fileRef = E30E6DDB2AD8A66A00CCFC5A /* TAMainVCViewModel.swift */; };
		E30E6DE32AD8A6FC00CCFC5A /* TATableViewCell.swift in Sources */ = {isa = PBXBuildFile; fileRef = E30E6DE22AD8A6FC00CCFC5A /* TATableViewCell.swift */; };
		E30E6DE52AD8A71400CCFC5A /* TACityModel.swift in Sources */ = {isa = PBXBuildFile; fileRef = E30E6DE42AD8A71400CCFC5A /* TACityModel.swift */; };
		E30E6DE72AD8B35300CCFC5A /* city_list.json in Resources */ = {isa = PBXBuildFile; fileRef = E30E6DE62AD8B35300CCFC5A /* city_list.json */; };
		E30E6DEB2AD9EC7000CCFC5A /* NetworkService.swift in Sources */ = {isa = PBXBuildFile; fileRef = E30E6DEA2AD9EC7000CCFC5A /* NetworkService.swift */; };
		E30E6DED2AD9F1AD00CCFC5A /* StorageManager.swift in Sources */ = {isa = PBXBuildFile; fileRef = E30E6DEC2AD9F1AD00CCFC5A /* StorageManager.swift */; };
		E30E6DEF2AD9F9C000CCFC5A /* TACellViewModel.swift in Sources */ = {isa = PBXBuildFile; fileRef = E30E6DEE2AD9F9C000CCFC5A /* TACellViewModel.swift */; };
		E30E6DF22ADABCE000CCFC5A /* AppCoordinator.swift in Sources */ = {isa = PBXBuildFile; fileRef = E30E6DF12ADABCE000CCFC5A /* AppCoordinator.swift */; };
		E30E6DF42ADABE0A00CCFC5A /* CityDetailsVC.swift in Sources */ = {isa = PBXBuildFile; fileRef = E30E6DF32ADABE0A00CCFC5A /* CityDetailsVC.swift */; };
		E30E6DF62ADAC52F00CCFC5A /* TAOpenWeatherAPIClient.swift in Sources */ = {isa = PBXBuildFile; fileRef = E30E6DF52ADAC52F00CCFC5A /* TAOpenWeatherAPIClient.swift */; };
		E30E6DF82ADAC58600CCFC5A /* CacheManager.swift in Sources */ = {isa = PBXBuildFile; fileRef = E30E6DF72ADAC58600CCFC5A /* CacheManager.swift */; };
		E30E6DFB2ADAC8C800CCFC5A /* TAOpenWeatherSettings.swift in Sources */ = {isa = PBXBuildFile; fileRef = E30E6DFA2ADAC8C800CCFC5A /* TAOpenWeatherSettings.swift */; };
		E30E6DFD2ADACA1800CCFC5A /* TAWeatherModel.swift in Sources */ = {isa = PBXBuildFile; fileRef = E30E6DFC2ADACA1800CCFC5A /* TAWeatherModel.swift */; };
		E30E6E022ADAD03200CCFC5A /* TACityDetailsViewModel.swift in Sources */ = {isa = PBXBuildFile; fileRef = E30E6E012ADAD03200CCFC5A /* TACityDetailsViewModel.swift */; };
		E30E6E062ADB147A00CCFC5A /* AppService.swift in Sources */ = {isa = PBXBuildFile; fileRef = E30E6E052ADB147A00CCFC5A /* AppService.swift */; };
		E30E6E082ADB20FA00CCFC5A /* WeatherDetailsView.swift in Sources */ = {isa = PBXBuildFile; fileRef = E30E6E072ADB20FA00CCFC5A /* WeatherDetailsView.swift */; };
/* End PBXBuildFile section */

/* Begin PBXContainerItemProxy section */
		E30E6DBC2ACEBADB00CCFC5A /* PBXContainerItemProxy */ = {
			isa = PBXContainerItemProxy;
			containerPortal = E30E6D9D2ACEBAD800CCFC5A /* Project object */;
			proxyType = 1;
			remoteGlobalIDString = E30E6DA42ACEBAD800CCFC5A;
			remoteInfo = TestAppInfoTech;
		};
		E30E6DC62ACEBADB00CCFC5A /* PBXContainerItemProxy */ = {
			isa = PBXContainerItemProxy;
			containerPortal = E30E6D9D2ACEBAD800CCFC5A /* Project object */;
			proxyType = 1;
			remoteGlobalIDString = E30E6DA42ACEBAD800CCFC5A;
			remoteInfo = TestAppInfoTech;
		};
/* End PBXContainerItemProxy section */

/* Begin PBXFileReference section */
		E30E6DA52ACEBAD800CCFC5A /* TestAppInfoTech.app */ = {isa = PBXFileReference; explicitFileType = wrapper.application; includeInIndex = 0; path = TestAppInfoTech.app; sourceTree = BUILT_PRODUCTS_DIR; };
		E30E6DA82ACEBAD800CCFC5A /* AppDelegate.swift */ = {isa = PBXFileReference; lastKnownFileType = sourcecode.swift; path = AppDelegate.swift; sourceTree = "<group>"; };
		E30E6DAA2ACEBAD800CCFC5A /* SceneDelegate.swift */ = {isa = PBXFileReference; lastKnownFileType = sourcecode.swift; path = SceneDelegate.swift; sourceTree = "<group>"; };
		E30E6DAC2ACEBAD800CCFC5A /* MainViewController.swift */ = {isa = PBXFileReference; lastKnownFileType = sourcecode.swift; path = MainViewController.swift; sourceTree = "<group>"; };
		E30E6DB12ACEBADB00CCFC5A /* Assets.xcassets */ = {isa = PBXFileReference; lastKnownFileType = folder.assetcatalog; path = Assets.xcassets; sourceTree = "<group>"; };
		E30E6DB42ACEBADB00CCFC5A /* Base */ = {isa = PBXFileReference; lastKnownFileType = file.storyboard; name = Base; path = Base.lproj/LaunchScreen.storyboard; sourceTree = "<group>"; };
		E30E6DB62ACEBADB00CCFC5A /* Info.plist */ = {isa = PBXFileReference; lastKnownFileType = text.plist.xml; path = Info.plist; sourceTree = "<group>"; };
		E30E6DBB2ACEBADB00CCFC5A /* TestAppInfoTechTests.xctest */ = {isa = PBXFileReference; explicitFileType = wrapper.cfbundle; includeInIndex = 0; path = TestAppInfoTechTests.xctest; sourceTree = BUILT_PRODUCTS_DIR; };
		E30E6DBF2ACEBADB00CCFC5A /* TestAppInfoTechTests.swift */ = {isa = PBXFileReference; lastKnownFileType = sourcecode.swift; path = TestAppInfoTechTests.swift; sourceTree = "<group>"; };
		E30E6DC52ACEBADB00CCFC5A /* TestAppInfoTechUITests.xctest */ = {isa = PBXFileReference; explicitFileType = wrapper.cfbundle; includeInIndex = 0; path = TestAppInfoTechUITests.xctest; sourceTree = BUILT_PRODUCTS_DIR; };
		E30E6DC92ACEBADB00CCFC5A /* TestAppInfoTechUITests.swift */ = {isa = PBXFileReference; lastKnownFileType = sourcecode.swift; path = TestAppInfoTechUITests.swift; sourceTree = "<group>"; };
		E30E6DCB2ACEBADB00CCFC5A /* TestAppInfoTechUITestsLaunchTests.swift */ = {isa = PBXFileReference; lastKnownFileType = sourcecode.swift; path = TestAppInfoTechUITestsLaunchTests.swift; sourceTree = "<group>"; };
		E30E6DDB2AD8A66A00CCFC5A /* TAMainVCViewModel.swift */ = {isa = PBXFileReference; lastKnownFileType = sourcecode.swift; path = TAMainVCViewModel.swift; sourceTree = "<group>"; };
		E30E6DE22AD8A6FC00CCFC5A /* TATableViewCell.swift */ = {isa = PBXFileReference; lastKnownFileType = sourcecode.swift; path = TATableViewCell.swift; sourceTree = "<group>"; };
		E30E6DE42AD8A71400CCFC5A /* TACityModel.swift */ = {isa = PBXFileReference; lastKnownFileType = sourcecode.swift; path = TACityModel.swift; sourceTree = "<group>"; };
		E30E6DE62AD8B35300CCFC5A /* city_list.json */ = {isa = PBXFileReference; fileEncoding = 4; lastKnownFileType = text.json; path = city_list.json; sourceTree = "<group>"; };
		E30E6DEA2AD9EC7000CCFC5A /* NetworkService.swift */ = {isa = PBXFileReference; lastKnownFileType = sourcecode.swift; path = NetworkService.swift; sourceTree = "<group>"; };
		E30E6DEC2AD9F1AD00CCFC5A /* StorageManager.swift */ = {isa = PBXFileReference; lastKnownFileType = sourcecode.swift; path = StorageManager.swift; sourceTree = "<group>"; };
		E30E6DEE2AD9F9C000CCFC5A /* TACellViewModel.swift */ = {isa = PBXFileReference; lastKnownFileType = sourcecode.swift; path = TACellViewModel.swift; sourceTree = "<group>"; };
		E30E6DF12ADABCE000CCFC5A /* AppCoordinator.swift */ = {isa = PBXFileReference; lastKnownFileType = sourcecode.swift; path = AppCoordinator.swift; sourceTree = "<group>"; };
		E30E6DF32ADABE0A00CCFC5A /* CityDetailsVC.swift */ = {isa = PBXFileReference; lastKnownFileType = sourcecode.swift; path = CityDetailsVC.swift; sourceTree = "<group>"; };
		E30E6DF52ADAC52F00CCFC5A /* TAOpenWeatherAPIClient.swift */ = {isa = PBXFileReference; lastKnownFileType = sourcecode.swift; path = TAOpenWeatherAPIClient.swift; sourceTree = "<group>"; };
		E30E6DF72ADAC58600CCFC5A /* CacheManager.swift */ = {isa = PBXFileReference; lastKnownFileType = sourcecode.swift; path = CacheManager.swift; sourceTree = "<group>"; };
		E30E6DFA2ADAC8C800CCFC5A /* TAOpenWeatherSettings.swift */ = {isa = PBXFileReference; lastKnownFileType = sourcecode.swift; path = TAOpenWeatherSettings.swift; sourceTree = "<group>"; };
		E30E6DFC2ADACA1800CCFC5A /* TAWeatherModel.swift */ = {isa = PBXFileReference; lastKnownFileType = sourcecode.swift; path = TAWeatherModel.swift; sourceTree = "<group>"; };
		E30E6E012ADAD03200CCFC5A /* TACityDetailsViewModel.swift */ = {isa = PBXFileReference; lastKnownFileType = sourcecode.swift; path = TACityDetailsViewModel.swift; sourceTree = "<group>"; };
		E30E6E052ADB147A00CCFC5A /* AppService.swift */ = {isa = PBXFileReference; lastKnownFileType = sourcecode.swift; path = AppService.swift; sourceTree = "<group>"; };
		E30E6E072ADB20FA00CCFC5A /* WeatherDetailsView.swift */ = {isa = PBXFileReference; lastKnownFileType = sourcecode.swift; path = WeatherDetailsView.swift; sourceTree = "<group>"; };
/* End PBXFileReference section */

/* Begin PBXFrameworksBuildPhase section */
		E30E6DA22ACEBAD800CCFC5A /* Frameworks */ = {
			isa = PBXFrameworksBuildPhase;
			buildActionMask = 2147483647;
			files = (
			);
			runOnlyForDeploymentPostprocessing = 0;
		};
		E30E6DB82ACEBADB00CCFC5A /* Frameworks */ = {
			isa = PBXFrameworksBuildPhase;
			buildActionMask = 2147483647;
			files = (
			);
			runOnlyForDeploymentPostprocessing = 0;
		};
		E30E6DC22ACEBADB00CCFC5A /* Frameworks */ = {
			isa = PBXFrameworksBuildPhase;
			buildActionMask = 2147483647;
			files = (
			);
			runOnlyForDeploymentPostprocessing = 0;
		};
/* End PBXFrameworksBuildPhase section */

/* Begin PBXGroup section */
		E30E6D9C2ACEBAD800CCFC5A = {
			isa = PBXGroup;
			children = (
				E30E6DA72ACEBAD800CCFC5A /* TestAppInfoTech */,
				E30E6DBE2ACEBADB00CCFC5A /* TestAppInfoTechTests */,
				E30E6DC82ACEBADB00CCFC5A /* TestAppInfoTechUITests */,
				E30E6DA62ACEBAD800CCFC5A /* Products */,
			);
			sourceTree = "<group>";
		};
		E30E6DA62ACEBAD800CCFC5A /* Products */ = {
			isa = PBXGroup;
			children = (
				E30E6DA52ACEBAD800CCFC5A /* TestAppInfoTech.app */,
				E30E6DBB2ACEBADB00CCFC5A /* TestAppInfoTechTests.xctest */,
				E30E6DC52ACEBADB00CCFC5A /* TestAppInfoTechUITests.xctest */,
			);
			name = Products;
			sourceTree = "<group>";
		};
		E30E6DA72ACEBAD800CCFC5A /* TestAppInfoTech */ = {
			isa = PBXGroup;
			children = (
				E30E6DE62AD8B35300CCFC5A /* city_list.json */,
				E30E6DF02ADABCC100CCFC5A /* Navigation */,
				E30E6DDE2AD8A68F00CCFC5A /* Model */,
				E30E6DDD2AD8A68A00CCFC5A /* View */,
				E30E6DDA2AD8A52400CCFC5A /* Service */,
				E30E6DD92AD8A51C00CCFC5A /* VC */,
				E30E6DD82AD8A50500CCFC5A /* Application */,
				E30E6DB12ACEBADB00CCFC5A /* Assets.xcassets */,
				E30E6DB32ACEBADB00CCFC5A /* LaunchScreen.storyboard */,
				E30E6DB62ACEBADB00CCFC5A /* Info.plist */,
			);
			path = TestAppInfoTech;
			sourceTree = "<group>";
		};
		E30E6DBE2ACEBADB00CCFC5A /* TestAppInfoTechTests */ = {
			isa = PBXGroup;
			children = (
				E30E6DBF2ACEBADB00CCFC5A /* TestAppInfoTechTests.swift */,
			);
			path = TestAppInfoTechTests;
			sourceTree = "<group>";
		};
		E30E6DC82ACEBADB00CCFC5A /* TestAppInfoTechUITests */ = {
			isa = PBXGroup;
			children = (
				E30E6DC92ACEBADB00CCFC5A /* TestAppInfoTechUITests.swift */,
				E30E6DCB2ACEBADB00CCFC5A /* TestAppInfoTechUITestsLaunchTests.swift */,
			);
			path = TestAppInfoTechUITests;
			sourceTree = "<group>";
		};
		E30E6DD82AD8A50500CCFC5A /* Application */ = {
			isa = PBXGroup;
			children = (
				E30E6DA82ACEBAD800CCFC5A /* AppDelegate.swift */,
				E30E6DAA2ACEBAD800CCFC5A /* SceneDelegate.swift */,
			);
			path = Application;
			sourceTree = "<group>";
		};
		E30E6DD92AD8A51C00CCFC5A /* VC */ = {
			isa = PBXGroup;
			children = (
				E30E6DAC2ACEBAD800CCFC5A /* MainViewController.swift */,
				E30E6DF32ADABE0A00CCFC5A /* CityDetailsVC.swift */,
			);
			path = VC;
			sourceTree = "<group>";
		};
		E30E6DDA2AD8A52400CCFC5A /* Service */ = {
			isa = PBXGroup;
			children = (
				E30E6DF92ADAC8B000CCFC5A /* Settings */,
				E30E6DEA2AD9EC7000CCFC5A /* NetworkService.swift */,
				E30E6DEC2AD9F1AD00CCFC5A /* StorageManager.swift */,
				E30E6DF52ADAC52F00CCFC5A /* TAOpenWeatherAPIClient.swift */,
				E30E6DF72ADAC58600CCFC5A /* CacheManager.swift */,
				E30E6E052ADB147A00CCFC5A /* AppService.swift */,
			);
			path = Service;
			sourceTree = "<group>";
		};
		E30E6DDD2AD8A68A00CCFC5A /* View */ = {
			isa = PBXGroup;
			children = (
				E30E6E002ADAD01100CCFC5A /* ViewModel */,
				E30E6DE22AD8A6FC00CCFC5A /* TATableViewCell.swift */,
				E30E6E072ADB20FA00CCFC5A /* WeatherDetailsView.swift */,
			);
			path = View;
			sourceTree = "<group>";
		};
		E30E6DDE2AD8A68F00CCFC5A /* Model */ = {
			isa = PBXGroup;
			children = (
				E30E6DE42AD8A71400CCFC5A /* TACityModel.swift */,
				E30E6DFC2ADACA1800CCFC5A /* TAWeatherModel.swift */,
			);
			path = Model;
			sourceTree = "<group>";
		};
		E30E6DF02ADABCC100CCFC5A /* Navigation */ = {
			isa = PBXGroup;
			children = (
				E30E6DF12ADABCE000CCFC5A /* AppCoordinator.swift */,
			);
			path = Navigation;
			sourceTree = "<group>";
		};
		E30E6DF92ADAC8B000CCFC5A /* Settings */ = {
			isa = PBXGroup;
			children = (
				E30E6DFA2ADAC8C800CCFC5A /* TAOpenWeatherSettings.swift */,
			);
			path = Settings;
			sourceTree = "<group>";
		};
		E30E6E002ADAD01100CCFC5A /* ViewModel */ = {
			isa = PBXGroup;
			children = (
				E30E6DDB2AD8A66A00CCFC5A /* TAMainVCViewModel.swift */,
				E30E6DEE2AD9F9C000CCFC5A /* TACellViewModel.swift */,
				E30E6E012ADAD03200CCFC5A /* TACityDetailsViewModel.swift */,
			);
			path = ViewModel;
			sourceTree = "<group>";
		};
/* End PBXGroup section */

/* Begin PBXNativeTarget section */
		E30E6DA42ACEBAD800CCFC5A /* TestAppInfoTech */ = {
			isa = PBXNativeTarget;
			buildConfigurationList = E30E6DCF2ACEBADB00CCFC5A /* Build configuration list for PBXNativeTarget "TestAppInfoTech" */;
			buildPhases = (
				E30E6DA12ACEBAD800CCFC5A /* Sources */,
				E30E6DA22ACEBAD800CCFC5A /* Frameworks */,
				E30E6DA32ACEBAD800CCFC5A /* Resources */,
			);
			buildRules = (
			);
			dependencies = (
			);
			name = TestAppInfoTech;
			productName = TestAppInfoTech;
			productReference = E30E6DA52ACEBAD800CCFC5A /* TestAppInfoTech.app */;
			productType = "com.apple.product-type.application";
		};
		E30E6DBA2ACEBADB00CCFC5A /* TestAppInfoTechTests */ = {
			isa = PBXNativeTarget;
			buildConfigurationList = E30E6DD22ACEBADB00CCFC5A /* Build configuration list for PBXNativeTarget "TestAppInfoTechTests" */;
			buildPhases = (
				E30E6DB72ACEBADB00CCFC5A /* Sources */,
				E30E6DB82ACEBADB00CCFC5A /* Frameworks */,
				E30E6DB92ACEBADB00CCFC5A /* Resources */,
			);
			buildRules = (
			);
			dependencies = (
				E30E6DBD2ACEBADB00CCFC5A /* PBXTargetDependency */,
			);
			name = TestAppInfoTechTests;
			productName = TestAppInfoTechTests;
			productReference = E30E6DBB2ACEBADB00CCFC5A /* TestAppInfoTechTests.xctest */;
			productType = "com.apple.product-type.bundle.unit-test";
		};
		E30E6DC42ACEBADB00CCFC5A /* TestAppInfoTechUITests */ = {
			isa = PBXNativeTarget;
			buildConfigurationList = E30E6DD52ACEBADB00CCFC5A /* Build configuration list for PBXNativeTarget "TestAppInfoTechUITests" */;
			buildPhases = (
				E30E6DC12ACEBADB00CCFC5A /* Sources */,
				E30E6DC22ACEBADB00CCFC5A /* Frameworks */,
				E30E6DC32ACEBADB00CCFC5A /* Resources */,
			);
			buildRules = (
			);
			dependencies = (
				E30E6DC72ACEBADB00CCFC5A /* PBXTargetDependency */,
			);
			name = TestAppInfoTechUITests;
			productName = TestAppInfoTechUITests;
			productReference = E30E6DC52ACEBADB00CCFC5A /* TestAppInfoTechUITests.xctest */;
			productType = "com.apple.product-type.bundle.ui-testing";
		};
/* End PBXNativeTarget section */

/* Begin PBXProject section */
		E30E6D9D2ACEBAD800CCFC5A /* Project object */ = {
			isa = PBXProject;
			attributes = {
				BuildIndependentTargetsInParallel = 1;
				LastSwiftUpdateCheck = 1500;
				LastUpgradeCheck = 1500;
				TargetAttributes = {
					E30E6DA42ACEBAD800CCFC5A = {
						CreatedOnToolsVersion = 15.0;
					};
					E30E6DBA2ACEBADB00CCFC5A = {
						CreatedOnToolsVersion = 15.0;
						TestTargetID = E30E6DA42ACEBAD800CCFC5A;
					};
					E30E6DC42ACEBADB00CCFC5A = {
						CreatedOnToolsVersion = 15.0;
						TestTargetID = E30E6DA42ACEBAD800CCFC5A;
					};
				};
			};
			buildConfigurationList = E30E6DA02ACEBAD800CCFC5A /* Build configuration list for PBXProject "TestAppInfoTech" */;
			compatibilityVersion = "Xcode 14.0";
			developmentRegion = en;
			hasScannedForEncodings = 0;
			knownRegions = (
				en,
				Base,
			);
			mainGroup = E30E6D9C2ACEBAD800CCFC5A;
			productRefGroup = E30E6DA62ACEBAD800CCFC5A /* Products */;
			projectDirPath = "";
			projectRoot = "";
			targets = (
				E30E6DA42ACEBAD800CCFC5A /* TestAppInfoTech */,
				E30E6DBA2ACEBADB00CCFC5A /* TestAppInfoTechTests */,
				E30E6DC42ACEBADB00CCFC5A /* TestAppInfoTechUITests */,
			);
		};
/* End PBXProject section */

/* Begin PBXResourcesBuildPhase section */
		E30E6DA32ACEBAD800CCFC5A /* Resources */ = {
			isa = PBXResourcesBuildPhase;
			buildActionMask = 2147483647;
			files = (
				E30E6DB52ACEBADB00CCFC5A /* LaunchScreen.storyboard in Resources */,
				E30E6DE72AD8B35300CCFC5A /* city_list.json in Resources */,
				E30E6DB22ACEBADB00CCFC5A /* Assets.xcassets in Resources */,
			);
			runOnlyForDeploymentPostprocessing = 0;
		};
		E30E6DB92ACEBADB00CCFC5A /* Resources */ = {
			isa = PBXResourcesBuildPhase;
			buildActionMask = 2147483647;
			files = (
			);
			runOnlyForDeploymentPostprocessing = 0;
		};
		E30E6DC32ACEBADB00CCFC5A /* Resources */ = {
			isa = PBXResourcesBuildPhase;
			buildActionMask = 2147483647;
			files = (
			);
			runOnlyForDeploymentPostprocessing = 0;
		};
/* End PBXResourcesBuildPhase section */

/* Begin PBXSourcesBuildPhase section */
		E30E6DA12ACEBAD800CCFC5A /* Sources */ = {
			isa = PBXSourcesBuildPhase;
			buildActionMask = 2147483647;
			files = (
				E30E6DF22ADABCE000CCFC5A /* AppCoordinator.swift in Sources */,
				E30E6DFB2ADAC8C800CCFC5A /* TAOpenWeatherSettings.swift in Sources */,
				E30E6DAD2ACEBAD800CCFC5A /* MainViewController.swift in Sources */,
				E30E6DF42ADABE0A00CCFC5A /* CityDetailsVC.swift in Sources */,
				E30E6DA92ACEBAD800CCFC5A /* AppDelegate.swift in Sources */,
				E30E6DFD2ADACA1800CCFC5A /* TAWeatherModel.swift in Sources */,
				E30E6DAB2ACEBAD800CCFC5A /* SceneDelegate.swift in Sources */,
				E30E6E082ADB20FA00CCFC5A /* WeatherDetailsView.swift in Sources */,
				E30E6DED2AD9F1AD00CCFC5A /* StorageManager.swift in Sources */,
				E30E6DF82ADAC58600CCFC5A /* CacheManager.swift in Sources */,
				E30E6DEF2AD9F9C000CCFC5A /* TACellViewModel.swift in Sources */,
				E30E6DE52AD8A71400CCFC5A /* TACityModel.swift in Sources */,
				E30E6DEB2AD9EC7000CCFC5A /* NetworkService.swift in Sources */,
				E30E6E022ADAD03200CCFC5A /* TACityDetailsViewModel.swift in Sources */,
				E30E6E062ADB147A00CCFC5A /* AppService.swift in Sources */,
				E30E6DF62ADAC52F00CCFC5A /* TAOpenWeatherAPIClient.swift in Sources */,
				E30E6DE32AD8A6FC00CCFC5A /* TATableViewCell.swift in Sources */,
				E30E6DDC2AD8A66A00CCFC5A /* TAMainVCViewModel.swift in Sources */,
			);
			runOnlyForDeploymentPostprocessing = 0;
		};
		E30E6DB72ACEBADB00CCFC5A /* Sources */ = {
			isa = PBXSourcesBuildPhase;
			buildActionMask = 2147483647;
			files = (
				E30E6DC02ACEBADB00CCFC5A /* TestAppInfoTechTests.swift in Sources */,
			);
			runOnlyForDeploymentPostprocessing = 0;
		};
		E30E6DC12ACEBADB00CCFC5A /* Sources */ = {
			isa = PBXSourcesBuildPhase;
			buildActionMask = 2147483647;
			files = (
				E30E6DCC2ACEBADB00CCFC5A /* TestAppInfoTechUITestsLaunchTests.swift in Sources */,
				E30E6DCA2ACEBADB00CCFC5A /* TestAppInfoTechUITests.swift in Sources */,
			);
			runOnlyForDeploymentPostprocessing = 0;
		};
/* End PBXSourcesBuildPhase section */

/* Begin PBXTargetDependency section */
		E30E6DBD2ACEBADB00CCFC5A /* PBXTargetDependency */ = {
			isa = PBXTargetDependency;
			target = E30E6DA42ACEBAD800CCFC5A /* TestAppInfoTech */;
			targetProxy = E30E6DBC2ACEBADB00CCFC5A /* PBXContainerItemProxy */;
		};
		E30E6DC72ACEBADB00CCFC5A /* PBXTargetDependency */ = {
			isa = PBXTargetDependency;
			target = E30E6DA42ACEBAD800CCFC5A /* TestAppInfoTech */;
			targetProxy = E30E6DC62ACEBADB00CCFC5A /* PBXContainerItemProxy */;
		};
/* End PBXTargetDependency section */

/* Begin PBXVariantGroup section */
		E30E6DB32ACEBADB00CCFC5A /* LaunchScreen.storyboard */ = {
			isa = PBXVariantGroup;
			children = (
				E30E6DB42ACEBADB00CCFC5A /* Base */,
			);
			name = LaunchScreen.storyboard;
			sourceTree = "<group>";
		};
/* End PBXVariantGroup section */

/* Begin XCBuildConfiguration section */
		E30E6DCD2ACEBADB00CCFC5A /* Debug */ = {
			isa = XCBuildConfiguration;
			buildSettings = {
				ALWAYS_SEARCH_USER_PATHS = NO;
				ASSETCATALOG_COMPILER_GENERATE_SWIFT_ASSET_SYMBOL_EXTENSIONS = YES;
				CLANG_ANALYZER_NONNULL = YES;
				CLANG_ANALYZER_NUMBER_OBJECT_CONVERSION = YES_AGGRESSIVE;
				CLANG_CXX_LANGUAGE_STANDARD = "gnu++20";
				CLANG_ENABLE_MODULES = YES;
				CLANG_ENABLE_OBJC_ARC = YES;
				CLANG_ENABLE_OBJC_WEAK = YES;
				CLANG_WARN_BLOCK_CAPTURE_AUTORELEASING = YES;
				CLANG_WARN_BOOL_CONVERSION = YES;
				CLANG_WARN_COMMA = YES;
				CLANG_WARN_CONSTANT_CONVERSION = YES;
				CLANG_WARN_DEPRECATED_OBJC_IMPLEMENTATIONS = YES;
				CLANG_WARN_DIRECT_OBJC_ISA_USAGE = YES_ERROR;
				CLANG_WARN_DOCUMENTATION_COMMENTS = YES;
				CLANG_WARN_EMPTY_BODY = YES;
				CLANG_WARN_ENUM_CONVERSION = YES;
				CLANG_WARN_INFINITE_RECURSION = YES;
				CLANG_WARN_INT_CONVERSION = YES;
				CLANG_WARN_NON_LITERAL_NULL_CONVERSION = YES;
				CLANG_WARN_OBJC_IMPLICIT_RETAIN_SELF = YES;
				CLANG_WARN_OBJC_LITERAL_CONVERSION = YES;
				CLANG_WARN_OBJC_ROOT_CLASS = YES_ERROR;
				CLANG_WARN_QUOTED_INCLUDE_IN_FRAMEWORK_HEADER = YES;
				CLANG_WARN_RANGE_LOOP_ANALYSIS = YES;
				CLANG_WARN_STRICT_PROTOTYPES = YES;
				CLANG_WARN_SUSPICIOUS_MOVE = YES;
				CLANG_WARN_UNGUARDED_AVAILABILITY = YES_AGGRESSIVE;
				CLANG_WARN_UNREACHABLE_CODE = YES;
				CLANG_WARN__DUPLICATE_METHOD_MATCH = YES;
				COPY_PHASE_STRIP = NO;
				DEBUG_INFORMATION_FORMAT = dwarf;
				ENABLE_STRICT_OBJC_MSGSEND = YES;
				ENABLE_TESTABILITY = YES;
				ENABLE_USER_SCRIPT_SANDBOXING = YES;
				GCC_C_LANGUAGE_STANDARD = gnu17;
				GCC_DYNAMIC_NO_PIC = NO;
				GCC_NO_COMMON_BLOCKS = YES;
				GCC_OPTIMIZATION_LEVEL = 0;
				GCC_PREPROCESSOR_DEFINITIONS = (
					"DEBUG=1",
					"$(inherited)",
				);
				GCC_WARN_64_TO_32_BIT_CONVERSION = YES;
				GCC_WARN_ABOUT_RETURN_TYPE = YES_ERROR;
				GCC_WARN_UNDECLARED_SELECTOR = YES;
				GCC_WARN_UNINITIALIZED_AUTOS = YES_AGGRESSIVE;
				GCC_WARN_UNUSED_FUNCTION = YES;
				GCC_WARN_UNUSED_VARIABLE = YES;
				IPHONEOS_DEPLOYMENT_TARGET = 15.0;
				LOCALIZATION_PREFERS_STRING_CATALOGS = YES;
				MTL_ENABLE_DEBUG_INFO = INCLUDE_SOURCE;
				MTL_FAST_MATH = YES;
				ONLY_ACTIVE_ARCH = YES;
				SDKROOT = iphoneos;
				SWIFT_ACTIVE_COMPILATION_CONDITIONS = "DEBUG $(inherited)";
				SWIFT_OPTIMIZATION_LEVEL = "-Onone";
			};
			name = Debug;
		};
		E30E6DCE2ACEBADB00CCFC5A /* Release */ = {
			isa = XCBuildConfiguration;
			buildSettings = {
				ALWAYS_SEARCH_USER_PATHS = NO;
				ASSETCATALOG_COMPILER_GENERATE_SWIFT_ASSET_SYMBOL_EXTENSIONS = YES;
				CLANG_ANALYZER_NONNULL = YES;
				CLANG_ANALYZER_NUMBER_OBJECT_CONVERSION = YES_AGGRESSIVE;
				CLANG_CXX_LANGUAGE_STANDARD = "gnu++20";
				CLANG_ENABLE_MODULES = YES;
				CLANG_ENABLE_OBJC_ARC = YES;
				CLANG_ENABLE_OBJC_WEAK = YES;
				CLANG_WARN_BLOCK_CAPTURE_AUTORELEASING = YES;
				CLANG_WARN_BOOL_CONVERSION = YES;
				CLANG_WARN_COMMA = YES;
				CLANG_WARN_CONSTANT_CONVERSION = YES;
				CLANG_WARN_DEPRECATED_OBJC_IMPLEMENTATIONS = YES;
				CLANG_WARN_DIRECT_OBJC_ISA_USAGE = YES_ERROR;
				CLANG_WARN_DOCUMENTATION_COMMENTS = YES;
				CLANG_WARN_EMPTY_BODY = YES;
				CLANG_WARN_ENUM_CONVERSION = YES;
				CLANG_WARN_INFINITE_RECURSION = YES;
				CLANG_WARN_INT_CONVERSION = YES;
				CLANG_WARN_NON_LITERAL_NULL_CONVERSION = YES;
				CLANG_WARN_OBJC_IMPLICIT_RETAIN_SELF = YES;
				CLANG_WARN_OBJC_LITERAL_CONVERSION = YES;
				CLANG_WARN_OBJC_ROOT_CLASS = YES_ERROR;
				CLANG_WARN_QUOTED_INCLUDE_IN_FRAMEWORK_HEADER = YES;
				CLANG_WARN_RANGE_LOOP_ANALYSIS = YES;
				CLANG_WARN_STRICT_PROTOTYPES = YES;
				CLANG_WARN_SUSPICIOUS_MOVE = YES;
				CLANG_WARN_UNGUARDED_AVAILABILITY = YES_AGGRESSIVE;
				CLANG_WARN_UNREACHABLE_CODE = YES;
				CLANG_WARN__DUPLICATE_METHOD_MATCH = YES;
				COPY_PHASE_STRIP = NO;
				DEBUG_INFORMATION_FORMAT = "dwarf-with-dsym";
				ENABLE_NS_ASSERTIONS = NO;
				ENABLE_STRICT_OBJC_MSGSEND = YES;
				ENABLE_USER_SCRIPT_SANDBOXING = YES;
				GCC_C_LANGUAGE_STANDARD = gnu17;
				GCC_NO_COMMON_BLOCKS = YES;
				GCC_WARN_64_TO_32_BIT_CONVERSION = YES;
				GCC_WARN_ABOUT_RETURN_TYPE = YES_ERROR;
				GCC_WARN_UNDECLARED_SELECTOR = YES;
				GCC_WARN_UNINITIALIZED_AUTOS = YES_AGGRESSIVE;
				GCC_WARN_UNUSED_FUNCTION = YES;
				GCC_WARN_UNUSED_VARIABLE = YES;
				IPHONEOS_DEPLOYMENT_TARGET = 15.0;
				LOCALIZATION_PREFERS_STRING_CATALOGS = YES;
				MTL_ENABLE_DEBUG_INFO = NO;
				MTL_FAST_MATH = YES;
				SDKROOT = iphoneos;
				SWIFT_COMPILATION_MODE = wholemodule;
				VALIDATE_PRODUCT = YES;
			};
			name = Release;
		};
		E30E6DD02ACEBADB00CCFC5A /* Debug */ = {
			isa = XCBuildConfiguration;
			buildSettings = {
				ASSETCATALOG_COMPILER_APPICON_NAME = AppIcon;
				ASSETCATALOG_COMPILER_GLOBAL_ACCENT_COLOR_NAME = AccentColor;
				CODE_SIGN_STYLE = Automatic;
				CURRENT_PROJECT_VERSION = 1;
				DEVELOPMENT_TEAM = 3ND9ZZ38QN;
				GENERATE_INFOPLIST_FILE = YES;
				INFOPLIST_FILE = TestAppInfoTech/Info.plist;
				INFOPLIST_KEY_UIApplicationSupportsIndirectInputEvents = YES;
				INFOPLIST_KEY_UILaunchStoryboardName = LaunchScreen;
				INFOPLIST_KEY_UISupportedInterfaceOrientations_iPad = "UIInterfaceOrientationPortrait UIInterfaceOrientationPortraitUpsideDown UIInterfaceOrientationLandscapeLeft UIInterfaceOrientationLandscapeRight";
				INFOPLIST_KEY_UISupportedInterfaceOrientations_iPhone = "UIInterfaceOrientationPortrait UIInterfaceOrientationLandscapeLeft UIInterfaceOrientationLandscapeRight";
				LD_RUNPATH_SEARCH_PATHS = (
					"$(inherited)",
					"@executable_path/Frameworks",
				);
				MARKETING_VERSION = 1.0;
				PRODUCT_BUNDLE_IDENTIFIER = "com.test-app.TestAppInfoTech";
				PRODUCT_NAME = "$(TARGET_NAME)";
				SWIFT_EMIT_LOC_STRINGS = YES;
				SWIFT_VERSION = 5.0;
				TARGETED_DEVICE_FAMILY = "1,2";
			};
			name = Debug;
		};
		E30E6DD12ACEBADB00CCFC5A /* Release */ = {
			isa = XCBuildConfiguration;
			buildSettings = {
				ASSETCATALOG_COMPILER_APPICON_NAME = AppIcon;
				ASSETCATALOG_COMPILER_GLOBAL_ACCENT_COLOR_NAME = AccentColor;
				CODE_SIGN_STYLE = Automatic;
				CURRENT_PROJECT_VERSION = 1;
				DEVELOPMENT_TEAM = 3ND9ZZ38QN;
				GENERATE_INFOPLIST_FILE = YES;
				INFOPLIST_FILE = TestAppInfoTech/Info.plist;
				INFOPLIST_KEY_UIApplicationSupportsIndirectInputEvents = YES;
				INFOPLIST_KEY_UILaunchStoryboardName = LaunchScreen;
				INFOPLIST_KEY_UISupportedInterfaceOrientations_iPad = "UIInterfaceOrientationPortrait UIInterfaceOrientationPortraitUpsideDown UIInterfaceOrientationLandscapeLeft UIInterfaceOrientationLandscapeRight";
				INFOPLIST_KEY_UISupportedInterfaceOrientations_iPhone = "UIInterfaceOrientationPortrait UIInterfaceOrientationLandscapeLeft UIInterfaceOrientationLandscapeRight";
				LD_RUNPATH_SEARCH_PATHS = (
					"$(inherited)",
					"@executable_path/Frameworks",
				);
				MARKETING_VERSION = 1.0;
				PRODUCT_BUNDLE_IDENTIFIER = "com.test-app.TestAppInfoTech";
				PRODUCT_NAME = "$(TARGET_NAME)";
				SWIFT_EMIT_LOC_STRINGS = YES;
				SWIFT_VERSION = 5.0;
				TARGETED_DEVICE_FAMILY = "1,2";
			};
			name = Release;
		};
		E30E6DD32ACEBADB00CCFC5A /* Debug */ = {
			isa = XCBuildConfiguration;
			buildSettings = {
				ALWAYS_EMBED_SWIFT_STANDARD_LIBRARIES = YES;
				BUNDLE_LOADER = "$(TEST_HOST)";
				CODE_SIGN_STYLE = Automatic;
				CURRENT_PROJECT_VERSION = 1;
				DEVELOPMENT_TEAM = 3ND9ZZ38QN;
				GENERATE_INFOPLIST_FILE = YES;
				IPHONEOS_DEPLOYMENT_TARGET = 17.0;
				MARKETING_VERSION = 1.0;
				PRODUCT_BUNDLE_IDENTIFIER = "com.test-app.TestAppInfoTechTests";
				PRODUCT_NAME = "$(TARGET_NAME)";
				SWIFT_EMIT_LOC_STRINGS = NO;
				SWIFT_VERSION = 5.0;
				TARGETED_DEVICE_FAMILY = "1,2";
				TEST_HOST = "$(BUILT_PRODUCTS_DIR)/TestAppInfoTech.app/$(BUNDLE_EXECUTABLE_FOLDER_PATH)/TestAppInfoTech";
			};
			name = Debug;
		};
		E30E6DD42ACEBADB00CCFC5A /* Release */ = {
			isa = XCBuildConfiguration;
			buildSettings = {
				ALWAYS_EMBED_SWIFT_STANDARD_LIBRARIES = YES;
				BUNDLE_LOADER = "$(TEST_HOST)";
				CODE_SIGN_STYLE = Automatic;
				CURRENT_PROJECT_VERSION = 1;
				DEVELOPMENT_TEAM = 3ND9ZZ38QN;
				GENERATE_INFOPLIST_FILE = YES;
				IPHONEOS_DEPLOYMENT_TARGET = 17.0;
				MARKETING_VERSION = 1.0;
				PRODUCT_BUNDLE_IDENTIFIER = "com.test-app.TestAppInfoTechTests";
				PRODUCT_NAME = "$(TARGET_NAME)";
				SWIFT_EMIT_LOC_STRINGS = NO;
				SWIFT_VERSION = 5.0;
				TARGETED_DEVICE_FAMILY = "1,2";
				TEST_HOST = "$(BUILT_PRODUCTS_DIR)/TestAppInfoTech.app/$(BUNDLE_EXECUTABLE_FOLDER_PATH)/TestAppInfoTech";
			};
			name = Release;
		};
		E30E6DD62ACEBADB00CCFC5A /* Debug */ = {
			isa = XCBuildConfiguration;
			buildSettings = {
				ALWAYS_EMBED_SWIFT_STANDARD_LIBRARIES = YES;
				CODE_SIGN_STYLE = Automatic;
				CURRENT_PROJECT_VERSION = 1;
				DEVELOPMENT_TEAM = 3ND9ZZ38QN;
				GENERATE_INFOPLIST_FILE = YES;
				MARKETING_VERSION = 1.0;
				PRODUCT_BUNDLE_IDENTIFIER = "com.test-app.TestAppInfoTechUITests";
				PRODUCT_NAME = "$(TARGET_NAME)";
				SWIFT_EMIT_LOC_STRINGS = NO;
				SWIFT_VERSION = 5.0;
				TARGETED_DEVICE_FAMILY = "1,2";
				TEST_TARGET_NAME = TestAppInfoTech;
			};
			name = Debug;
		};
		E30E6DD72ACEBADB00CCFC5A /* Release */ = {
			isa = XCBuildConfiguration;
			buildSettings = {
				ALWAYS_EMBED_SWIFT_STANDARD_LIBRARIES = YES;
				CODE_SIGN_STYLE = Automatic;
				CURRENT_PROJECT_VERSION = 1;
				DEVELOPMENT_TEAM = 3ND9ZZ38QN;
				GENERATE_INFOPLIST_FILE = YES;
				MARKETING_VERSION = 1.0;
				PRODUCT_BUNDLE_IDENTIFIER = "com.test-app.TestAppInfoTechUITests";
				PRODUCT_NAME = "$(TARGET_NAME)";
				SWIFT_EMIT_LOC_STRINGS = NO;
				SWIFT_VERSION = 5.0;
				TARGETED_DEVICE_FAMILY = "1,2";
				TEST_TARGET_NAME = TestAppInfoTech;
			};
			name = Release;
		};
/* End XCBuildConfiguration section */

/* Begin XCConfigurationList section */
		E30E6DA02ACEBAD800CCFC5A /* Build configuration list for PBXProject "TestAppInfoTech" */ = {
			isa = XCConfigurationList;
			buildConfigurations = (
				E30E6DCD2ACEBADB00CCFC5A /* Debug */,
				E30E6DCE2ACEBADB00CCFC5A /* Release */,
			);
			defaultConfigurationIsVisible = 0;
			defaultConfigurationName = Release;
		};
		E30E6DCF2ACEBADB00CCFC5A /* Build configuration list for PBXNativeTarget "TestAppInfoTech" */ = {
			isa = XCConfigurationList;
			buildConfigurations = (
				E30E6DD02ACEBADB00CCFC5A /* Debug */,
				E30E6DD12ACEBADB00CCFC5A /* Release */,
			);
			defaultConfigurationIsVisible = 0;
			defaultConfigurationName = Release;
		};
		E30E6DD22ACEBADB00CCFC5A /* Build configuration list for PBXNativeTarget "TestAppInfoTechTests" */ = {
			isa = XCConfigurationList;
			buildConfigurations = (
				E30E6DD32ACEBADB00CCFC5A /* Debug */,
				E30E6DD42ACEBADB00CCFC5A /* Release */,
			);
			defaultConfigurationIsVisible = 0;
			defaultConfigurationName = Release;
		};
		E30E6DD52ACEBADB00CCFC5A /* Build configuration list for PBXNativeTarget "TestAppInfoTechUITests" */ = {
			isa = XCConfigurationList;
			buildConfigurations = (
				E30E6DD62ACEBADB00CCFC5A /* Debug */,
				E30E6DD72ACEBADB00CCFC5A /* Release */,
			);
			defaultConfigurationIsVisible = 0;
			defaultConfigurationName = Release;
		};
/* End XCConfigurationList section */
	};
	rootObject = E30E6D9D2ACEBAD800CCFC5A /* Project object */;
}
